// !$*UTF8*$!
{
	archiveVersion = 1;
	classes = {
	};
	objectVersion = 55;
	objects = {

/* Begin PBXBuildFile section */
		002627E329648C5900F32432 /* MapsViewController.swift in Sources */ = {isa = PBXBuildFile; fileRef = 002627E229648C5900F32432 /* MapsViewController.swift */; };
		002C6D0B29646D2E009C8CED /* Explore_GoogleMapsApp.swift in Sources */ = {isa = PBXBuildFile; fileRef = 002C6D0A29646D2E009C8CED /* Explore_GoogleMapsApp.swift */; };
		002C6D0D29646D2E009C8CED /* ContentView.swift in Sources */ = {isa = PBXBuildFile; fileRef = 002C6D0C29646D2E009C8CED /* ContentView.swift */; };
		002C6D0F29646D30009C8CED /* Assets.xcassets in Resources */ = {isa = PBXBuildFile; fileRef = 002C6D0E29646D30009C8CED /* Assets.xcassets */; };
		002C6D1229646D30009C8CED /* Preview Assets.xcassets in Resources */ = {isa = PBXBuildFile; fileRef = 002C6D1129646D30009C8CED /* Preview Assets.xcassets */; };
		D463F351AEEB7FF140B9ADA2 /* Pods_Explore_GoogleMaps.framework in Frameworks */ = {isa = PBXBuildFile; fileRef = 9A72EE64E8A939B905C97ADA /* Pods_Explore_GoogleMaps.framework */; };
/* End PBXBuildFile section */

/* Begin PBXFileReference section */
		002627E229648C5900F32432 /* MapsViewController.swift */ = {isa = PBXFileReference; lastKnownFileType = sourcecode.swift; path = MapsViewController.swift; sourceTree = "<group>"; };
		002627E429648F2400F32432 /* Info.plist */ = {isa = PBXFileReference; lastKnownFileType = text.plist; path = Info.plist; sourceTree = "<group>"; };
		002C6D0729646D2E009C8CED /* Explore-GoogleMaps.app */ = {isa = PBXFileReference; explicitFileType = wrapper.application; includeInIndex = 0; path = "Explore-GoogleMaps.app"; sourceTree = BUILT_PRODUCTS_DIR; };
		002C6D0A29646D2E009C8CED /* Explore_GoogleMapsApp.swift */ = {isa = PBXFileReference; lastKnownFileType = sourcecode.swift; path = Explore_GoogleMapsApp.swift; sourceTree = "<group>"; };
		002C6D0C29646D2E009C8CED /* ContentView.swift */ = {isa = PBXFileReference; lastKnownFileType = sourcecode.swift; path = ContentView.swift; sourceTree = "<group>"; };
		002C6D0E29646D30009C8CED /* Assets.xcassets */ = {isa = PBXFileReference; lastKnownFileType = folder.assetcatalog; path = Assets.xcassets; sourceTree = "<group>"; };
		002C6D1129646D30009C8CED /* Preview Assets.xcassets */ = {isa = PBXFileReference; lastKnownFileType = folder.assetcatalog; path = "Preview Assets.xcassets"; sourceTree = "<group>"; };
		97BD6114A84F2C3215163998 /* Pods-Explore-GoogleMaps.release.xcconfig */ = {isa = PBXFileReference; includeInIndex = 1; lastKnownFileType = text.xcconfig; name = "Pods-Explore-GoogleMaps.release.xcconfig"; path = "Target Support Files/Pods-Explore-GoogleMaps/Pods-Explore-GoogleMaps.release.xcconfig"; sourceTree = "<group>"; };
		9A72EE64E8A939B905C97ADA /* Pods_Explore_GoogleMaps.framework */ = {isa = PBXFileReference; explicitFileType = wrapper.framework; includeInIndex = 0; path = Pods_Explore_GoogleMaps.framework; sourceTree = BUILT_PRODUCTS_DIR; };
		CE0E5C9D72D250C458271FE5 /* Pods-Explore-GoogleMaps.debug.xcconfig */ = {isa = PBXFileReference; includeInIndex = 1; lastKnownFileType = text.xcconfig; name = "Pods-Explore-GoogleMaps.debug.xcconfig"; path = "Target Support Files/Pods-Explore-GoogleMaps/Pods-Explore-GoogleMaps.debug.xcconfig"; sourceTree = "<group>"; };
/* End PBXFileReference section */

/* Begin PBXFrameworksBuildPhase section */
		002C6D0429646D2E009C8CED /* Frameworks */ = {
			isa = PBXFrameworksBuildPhase;
			buildActionMask = 2147483647;
			files = (
				D463F351AEEB7FF140B9ADA2 /* Pods_Explore_GoogleMaps.framework in Frameworks */,
			);
			runOnlyForDeploymentPostprocessing = 0;
		};
/* End PBXFrameworksBuildPhase section */

/* Begin PBXGroup section */
		002C6CFE29646D2E009C8CED = {
			isa = PBXGroup;
			children = (
				002C6D0929646D2E009C8CED /* Explore-GoogleMaps */,
				002C6D0829646D2E009C8CED /* Products */,
				8C22730102B0C8583B8887B9 /* Pods */,
				AF1FC482E2C9DE4650AE6B16 /* Frameworks */,
			);
			sourceTree = "<group>";
		};
		002C6D0829646D2E009C8CED /* Products */ = {
			isa = PBXGroup;
			children = (
				002C6D0729646D2E009C8CED /* Explore-GoogleMaps.app */,
			);
			name = Products;
			sourceTree = "<group>";
		};
		002C6D0929646D2E009C8CED /* Explore-GoogleMaps */ = {
			isa = PBXGroup;
			children = (
				002627E429648F2400F32432 /* Info.plist */,
				002C6D0A29646D2E009C8CED /* Explore_GoogleMapsApp.swift */,
				002C6D0C29646D2E009C8CED /* ContentView.swift */,
				002C6D0E29646D30009C8CED /* Assets.xcassets */,
				002C6D1029646D30009C8CED /* Preview Content */,
				002627E229648C5900F32432 /* MapsViewController.swift */,
			);
			path = "Explore-GoogleMaps";
			sourceTree = "<group>";
		};
		002C6D1029646D30009C8CED /* Preview Content */ = {
			isa = PBXGroup;
			children = (
				002C6D1129646D30009C8CED /* Preview Assets.xcassets */,
			);
			path = "Preview Content";
			sourceTree = "<group>";
		};
		8C22730102B0C8583B8887B9 /* Pods */ = {
			isa = PBXGroup;
			children = (
				CE0E5C9D72D250C458271FE5 /* Pods-Explore-GoogleMaps.debug.xcconfig */,
				97BD6114A84F2C3215163998 /* Pods-Explore-GoogleMaps.release.xcconfig */,
			);
			path = Pods;
			sourceTree = "<group>";
		};
		AF1FC482E2C9DE4650AE6B16 /* Frameworks */ = {
			isa = PBXGroup;
			children = (
				9A72EE64E8A939B905C97ADA /* Pods_Explore_GoogleMaps.framework */,
			);
			name = Frameworks;
			sourceTree = "<group>";
		};
/* End PBXGroup section */

/* Begin PBXNativeTarget section */
		002C6D0629646D2E009C8CED /* Explore-GoogleMaps */ = {
			isa = PBXNativeTarget;
			buildConfigurationList = 002C6D1529646D30009C8CED /* Build configuration list for PBXNativeTarget "Explore-GoogleMaps" */;
			buildPhases = (
				B69B428A85D81BFDB35FBFE5 /* [CP] Check Pods Manifest.lock */,
				002C6D0329646D2E009C8CED /* Sources */,
				002C6D0429646D2E009C8CED /* Frameworks */,
				002C6D0529646D2E009C8CED /* Resources */,
				B8335D45D5F9B941A4A1BDE5 /* [CP] Copy Pods Resources */,
			);
			buildRules = (
			);
			dependencies = (
			);
			name = "Explore-GoogleMaps";
			productName = "Explore-GoogleMaps";
			productReference = 002C6D0729646D2E009C8CED /* Explore-GoogleMaps.app */;
			productType = "com.apple.product-type.application";
		};
/* End PBXNativeTarget section */

/* Begin PBXProject section */
		002C6CFF29646D2E009C8CED /* Project object */ = {
			isa = PBXProject;
			attributes = {
				BuildIndependentTargetsInParallel = 1;
				LastSwiftUpdateCheck = 1320;
				LastUpgradeCheck = 1320;
				TargetAttributes = {
					002C6D0629646D2E009C8CED = {
						CreatedOnToolsVersion = 13.2.1;
					};
				};
			};
			buildConfigurationList = 002C6D0229646D2E009C8CED /* Build configuration list for PBXProject "Explore-GoogleMaps" */;
			compatibilityVersion = "Xcode 13.0";
			developmentRegion = en;
			hasScannedForEncodings = 0;
			knownRegions = (
				en,
				Base,
			);
			mainGroup = 002C6CFE29646D2E009C8CED;
			productRefGroup = 002C6D0829646D2E009C8CED /* Products */;
			projectDirPath = "";
			projectRoot = "";
			targets = (
				002C6D0629646D2E009C8CED /* Explore-GoogleMaps */,
			);
		};
/* End PBXProject section */

/* Begin PBXResourcesBuildPhase section */
		002C6D0529646D2E009C8CED /* Resources */ = {
			isa = PBXResourcesBuildPhase;
			buildActionMask = 2147483647;
			files = (
				002C6D1229646D30009C8CED /* Preview Assets.xcassets in Resources */,
				002C6D0F29646D30009C8CED /* Assets.xcassets in Resources */,
			);
			runOnlyForDeploymentPostprocessing = 0;
		};
/* End PBXResourcesBuildPhase section */

/* Begin PBXShellScriptBuildPhase section */
		B69B428A85D81BFDB35FBFE5 /* [CP] Check Pods Manifest.lock */ = {
			isa = PBXShellScriptBuildPhase;
			buildActionMask = 2147483647;
			files = (
			);
			inputFileListPaths = (
			);
			inputPaths = (
				"${PODS_PODFILE_DIR_PATH}/Podfile.lock",
				"${PODS_ROOT}/Manifest.lock",
			);
			name = "[CP] Check Pods Manifest.lock";
			outputFileListPaths = (
			);
			outputPaths = (
				"$(DERIVED_FILE_DIR)/Pods-Explore-GoogleMaps-checkManifestLockResult.txt",
			);
			runOnlyForDeploymentPostprocessing = 0;
			shellPath = /bin/sh;
			shellScript = "diff \"${PODS_PODFILE_DIR_PATH}/Podfile.lock\" \"${PODS_ROOT}/Manifest.lock\" > /dev/null\nif [ $? != 0 ] ; then\n    # print error to STDERR\n    echo \"error: The sandbox is not in sync with the Podfile.lock. Run 'pod install' or update your CocoaPods installation.\" >&2\n    exit 1\nfi\n# This output is used by Xcode 'outputs' to avoid re-running this script phase.\necho \"SUCCESS\" > \"${SCRIPT_OUTPUT_FILE_0}\"\n";
			showEnvVarsInLog = 0;
		};
		B8335D45D5F9B941A4A1BDE5 /* [CP] Copy Pods Resources */ = {
			isa = PBXShellScriptBuildPhase;
			buildActionMask = 2147483647;
			files = (
			);
			inputFileListPaths = (
				"${PODS_ROOT}/Target Support Files/Pods-Explore-GoogleMaps/Pods-Explore-GoogleMaps-resources-${CONFIGURATION}-input-files.xcfilelist",
			);
			name = "[CP] Copy Pods Resources";
			outputFileListPaths = (
				"${PODS_ROOT}/Target Support Files/Pods-Explore-GoogleMaps/Pods-Explore-GoogleMaps-resources-${CONFIGURATION}-output-files.xcfilelist",
			);
			runOnlyForDeploymentPostprocessing = 0;
			shellPath = /bin/sh;
			shellScript = "\"${PODS_ROOT}/Target Support Files/Pods-Explore-GoogleMaps/Pods-Explore-GoogleMaps-resources.sh\"\n";
			showEnvVarsInLog = 0;
		};
/* End PBXShellScriptBuildPhase section */

/* Begin PBXSourcesBuildPhase section */
		002C6D0329646D2E009C8CED /* Sources */ = {
			isa = PBXSourcesBuildPhase;
			buildActionMask = 2147483647;
			files = (
				002627E329648C5900F32432 /* MapsViewController.swift in Sources */,
				002C6D0D29646D2E009C8CED /* ContentView.swift in Sources */,
				002C6D0B29646D2E009C8CED /* Explore_GoogleMapsApp.swift in Sources */,
			);
			runOnlyForDeploymentPostprocessing = 0;
		};
/* End PBXSourcesBuildPhase section */

/* Begin XCBuildConfiguration section */
		002C6D1329646D30009C8CED /* Debug */ = {
			isa = XCBuildConfiguration;
			buildSettings = {
				ALWAYS_SEARCH_USER_PATHS = NO;
				CLANG_ANALYZER_NONNULL = YES;
				CLANG_ANALYZER_NUMBER_OBJECT_CONVERSION = YES_AGGRESSIVE;
				CLANG_CXX_LANGUAGE_STANDARD = "gnu++17";
				CLANG_CXX_LIBRARY = "libc++";
				CLANG_ENABLE_MODULES = YES;
				CLANG_ENABLE_OBJC_ARC = YES;
				CLANG_ENABLE_OBJC_WEAK = YES;
				CLANG_WARN_BLOCK_CAPTURE_AUTORELEASING = YES;
				CLANG_WARN_BOOL_CONVERSION = YES;
				CLANG_WARN_COMMA = YES;
				CLANG_WARN_CONSTANT_CONVERSION = YES;
				CLANG_WARN_DEPRECATED_OBJC_IMPLEMENTATIONS = YES;
				CLANG_WARN_DIRECT_OBJC_ISA_USAGE = YES_ERROR;
				CLANG_WARN_DOCUMENTATION_COMMENTS = YES;
				CLANG_WARN_EMPTY_BODY = YES;
				CLANG_WARN_ENUM_CONVERSION = YES;
				CLANG_WARN_INFINITE_RECURSION = YES;
				CLANG_WARN_INT_CONVERSION = YES;
				CLANG_WARN_NON_LITERAL_NULL_CONVERSION = YES;
				CLANG_WARN_OBJC_IMPLICIT_RETAIN_SELF = YES;
				CLANG_WARN_OBJC_LITERAL_CONVERSION = YES;
				CLANG_WARN_OBJC_ROOT_CLASS = YES_ERROR;
				CLANG_WARN_QUOTED_INCLUDE_IN_FRAMEWORK_HEADER = YES;
				CLANG_WARN_RANGE_LOOP_ANALYSIS = YES;
				CLANG_WARN_STRICT_PROTOTYPES = YES;
				CLANG_WARN_SUSPICIOUS_MOVE = YES;
				CLANG_WARN_UNGUARDED_AVAILABILITY = YES_AGGRESSIVE;
				CLANG_WARN_UNREACHABLE_CODE = YES;
				CLANG_WARN__DUPLICATE_METHOD_MATCH = YES;
				COPY_PHASE_STRIP = NO;
				DEBUG_INFORMATION_FORMAT = dwarf;
				ENABLE_STRICT_OBJC_MSGSEND = YES;
				ENABLE_TESTABILITY = YES;
				GCC_C_LANGUAGE_STANDARD = gnu11;
				GCC_DYNAMIC_NO_PIC = NO;
				GCC_NO_COMMON_BLOCKS = YES;
				GCC_OPTIMIZATION_LEVEL = 0;
				GCC_PREPROCESSOR_DEFINITIONS = (
					"DEBUG=1",
					"$(inherited)",
				);
				GCC_WARN_64_TO_32_BIT_CONVERSION = YES;
				GCC_WARN_ABOUT_RETURN_TYPE = YES_ERROR;
				GCC_WARN_UNDECLARED_SELECTOR = YES;
				GCC_WARN_UNINITIALIZED_AUTOS = YES_AGGRESSIVE;
				GCC_WARN_UNUSED_FUNCTION = YES;
				GCC_WARN_UNUSED_VARIABLE = YES;
				IPHONEOS_DEPLOYMENT_TARGET = 15.2;
				MTL_ENABLE_DEBUG_INFO = INCLUDE_SOURCE;
				MTL_FAST_MATH = YES;
				ONLY_ACTIVE_ARCH = YES;
				SDKROOT = iphoneos;
				SWIFT_ACTIVE_COMPILATION_CONDITIONS = DEBUG;
				SWIFT_OPTIMIZATION_LEVEL = "-Onone";
			};
			name = Debug;
		};
		002C6D1429646D30009C8CED /* Release */ = {
			isa = XCBuildConfiguration;
			buildSettings = {
				ALWAYS_SEARCH_USER_PATHS = NO;
				CLANG_ANALYZER_NONNULL = YES;
				CLANG_ANALYZER_NUMBER_OBJECT_CONVERSION = YES_AGGRESSIVE;
				CLANG_CXX_LANGUAGE_STANDARD = "gnu++17";
				CLANG_CXX_LIBRARY = "libc++";
				CLANG_ENABLE_MODULES = YES;
				CLANG_ENABLE_OBJC_ARC = YES;
				CLANG_ENABLE_OBJC_WEAK = YES;
				CLANG_WARN_BLOCK_CAPTURE_AUTORELEASING = YES;
				CLANG_WARN_BOOL_CONVERSION = YES;
				CLANG_WARN_COMMA = YES;
				CLANG_WARN_CONSTANT_CONVERSION = YES;
				CLANG_WARN_DEPRECATED_OBJC_IMPLEMENTATIONS = YES;
				CLANG_WARN_DIRECT_OBJC_ISA_USAGE = YES_ERROR;
				CLANG_WARN_DOCUMENTATION_COMMENTS = YES;
				CLANG_WARN_EMPTY_BODY = YES;
				CLANG_WARN_ENUM_CONVERSION = YES;
				CLANG_WARN_INFINITE_RECURSION = YES;
				CLANG_WARN_INT_CONVERSION = YES;
				CLANG_WARN_NON_LITERAL_NULL_CONVERSION = YES;
				CLANG_WARN_OBJC_IMPLICIT_RETAIN_SELF = YES;
				CLANG_WARN_OBJC_LITERAL_CONVERSION = YES;
				CLANG_WARN_OBJC_ROOT_CLASS = YES_ERROR;
				CLANG_WARN_QUOTED_INCLUDE_IN_FRAMEWORK_HEADER = YES;
				CLANG_WARN_RANGE_LOOP_ANALYSIS = YES;
				CLANG_WARN_STRICT_PROTOTYPES = YES;
				CLANG_WARN_SUSPICIOUS_MOVE = YES;
				CLANG_WARN_UNGUARDED_AVAILABILITY = YES_AGGRESSIVE;
				CLANG_WARN_UNREACHABLE_CODE = YES;
				CLANG_WARN__DUPLICATE_METHOD_MATCH = YES;
				COPY_PHASE_STRIP = NO;
				DEBUG_INFORMATION_FORMAT = "dwarf-with-dsym";
				ENABLE_NS_ASSERTIONS = NO;
				ENABLE_STRICT_OBJC_MSGSEND = YES;
				GCC_C_LANGUAGE_STANDARD = gnu11;
				GCC_NO_COMMON_BLOCKS = YES;
				GCC_WARN_64_TO_32_BIT_CONVERSION = YES;
				GCC_WARN_ABOUT_RETURN_TYPE = YES_ERROR;
				GCC_WARN_UNDECLARED_SELECTOR = YES;
				GCC_WARN_UNINITIALIZED_AUTOS = YES_AGGRESSIVE;
				GCC_WARN_UNUSED_FUNCTION = YES;
				GCC_WARN_UNUSED_VARIABLE = YES;
				IPHONEOS_DEPLOYMENT_TARGET = 15.2;
				MTL_ENABLE_DEBUG_INFO = NO;
				MTL_FAST_MATH = YES;
				SDKROOT = iphoneos;
				SWIFT_COMPILATION_MODE = wholemodule;
				SWIFT_OPTIMIZATION_LEVEL = "-O";
				VALIDATE_PRODUCT = YES;
			};
			name = Release;
		};
		002C6D1629646D30009C8CED /* Debug */ = {
			isa = XCBuildConfiguration;
			baseConfigurationReference = CE0E5C9D72D250C458271FE5 /* Pods-Explore-GoogleMaps.debug.xcconfig */;
			buildSettings = {
				ASSETCATALOG_COMPILER_APPICON_NAME = AppIcon;
				ASSETCATALOG_COMPILER_GLOBAL_ACCENT_COLOR_NAME = AccentColor;
				CODE_SIGN_STYLE = Automatic;
				CURRENT_PROJECT_VERSION = 1;
				DEVELOPMENT_ASSET_PATHS = "\"Explore-GoogleMaps/Preview Content\"";
				DEVELOPMENT_TEAM = ML69X72R93;
				ENABLE_PREVIEWS = YES;
				GENERATE_INFOPLIST_FILE = YES;
				INFOPLIST_FILE = "Explore-GoogleMaps/Info.plist";
				INFOPLIST_KEY_NSLocationWhenInUseUsageDescription = "Explore Google maps uses your current location to show marker";
				INFOPLIST_KEY_UIApplicationSceneManifest_Generation = YES;
				INFOPLIST_KEY_UIApplicationSupportsIndirectInputEvents = YES;
				INFOPLIST_KEY_UILaunchScreen_Generation = YES;
				INFOPLIST_KEY_UISupportedInterfaceOrientations_iPad = "UIInterfaceOrientationPortrait UIInterfaceOrientationPortraitUpsideDown UIInterfaceOrientationLandscapeLeft UIInterfaceOrientationLandscapeRight";
				INFOPLIST_KEY_UISupportedInterfaceOrientations_iPhone = "UIInterfaceOrientationPortrait UIInterfaceOrientationLandscapeLeft UIInterfaceOrientationLandscapeRight";
				LD_RUNPATH_SEARCH_PATHS = (
					"$(inherited)",
					"@executable_path/Frameworks",
				);
				MARKETING_VERSION = 1.0;
				PRODUCT_BUNDLE_IDENTIFIER = "com.abhilashpalem.Explore-GoogleMaps";
				PRODUCT_NAME = "$(TARGET_NAME)";
				SWIFT_EMIT_LOC_STRINGS = YES;
				SWIFT_VERSION = 5.0;
				TARGETED_DEVICE_FAMILY = "1,2";
			};
			name = Debug;
		};
		002C6D1729646D30009C8CED /* Release */ = {
			isa = XCBuildConfiguration;
			baseConfigurationReference = 97BD6114A84F2C3215163998 /* Pods-Explore-GoogleMaps.release.xcconfig */;
			buildSettings = {
				ASSETCATALOG_COMPILER_APPICON_NAME = AppIcon;
				ASSETCATALOG_COMPILER_GLOBAL_ACCENT_COLOR_NAME = AccentColor;
				CODE_SIGN_STYLE = Automatic;
				CURRENT_PROJECT_VERSION = 1;
				DEVELOPMENT_ASSET_PATHS = "\"Explore-GoogleMaps/Preview Content\"";
				DEVELOPMENT_TEAM = ML69X72R93;
				ENABLE_PREVIEWS = YES;
				GENERATE_INFOPLIST_FILE = YES;
				INFOPLIST_FILE = "Explore-GoogleMaps/Info.plist";
				INFOPLIST_KEY_NSLocationWhenInUseUsageDescription = "Explore Google maps uses your current location to show marker";
				INFOPLIST_KEY_UIApplicationSceneManifest_Generation = YES;
				INFOPLIST_KEY_UIApplicationSupportsIndirectInputEvents = YES;
				INFOPLIST_KEY_UILaunchScreen_Generation = YES;
				INFOPLIST_KEY_UISupportedInterfaceOrientations_iPad = "UIInterfaceOrientationPortrait UIInterfaceOrientationPortraitUpsideDown UIInterfaceOrientationLandscapeLeft UIInterfaceOrientationLandscapeRight";
				INFOPLIST_KEY_UISupportedInterfaceOrientations_iPhone = "UIInterfaceOrientationPortrait UIInterfaceOrientationLandscapeLeft UIInterfaceOrientationLandscapeRight";
				LD_RUNPATH_SEARCH_PATHS = (
					"$(inherited)",
					"@executable_path/Frameworks",
				);
				MARKETING_VERSION = 1.0;
				PRODUCT_BUNDLE_IDENTIFIER = "com.abhilashpalem.Explore-GoogleMaps";
				PRODUCT_NAME = "$(TARGET_NAME)";
				SWIFT_EMIT_LOC_STRINGS = YES;
				SWIFT_VERSION = 5.0;
				TARGETED_DEVICE_FAMILY = "1,2";
			};
			name = Release;
		};
/* End XCBuildConfiguration section */

/* Begin XCConfigurationList section */
		002C6D0229646D2E009C8CED /* Build configuration list for PBXProject "Explore-GoogleMaps" */ = {
			isa = XCConfigurationList;
			buildConfigurations = (
				002C6D1329646D30009C8CED /* Debug */,
				002C6D1429646D30009C8CED /* Release */,
			);
			defaultConfigurationIsVisible = 0;
			defaultConfigurationName = Release;
		};
		002C6D1529646D30009C8CED /* Build configuration list for PBXNativeTarget "Explore-GoogleMaps" */ = {
			isa = XCConfigurationList;
			buildConfigurations = (
				002C6D1629646D30009C8CED /* Debug */,
				002C6D1729646D30009C8CED /* Release */,
			);
			defaultConfigurationIsVisible = 0;
			defaultConfigurationName = Release;
		};
/* End XCConfigurationList section */
	};
	rootObject = 002C6CFF29646D2E009C8CED /* Project object */;
}
